
Microsoft Visual Studio Solution File, Format Version 12.00
# Visual Studio 14
VisualStudioVersion = 14.0.25420.1
MinimumVisualStudioVersion = 10.0.40219.1
Project("{FAE04EC0-301F-11D3-BF4B-00C04F79EFBC}") = "BoardgameManager", "BoardgameManager\BoardgameManager.csproj", "{36331020-5A14-48B6-BFAC-F0B765BBD554}"
EndProject
Project("{FAE04EC0-301F-11D3-BF4B-00C04F79EFBC}") = "BoardgameManager.Tests", "BoardgameManager.Tests\BoardgameManager.Tests.csproj", "{48039D69-83F6-44BE-A933-5B90AD771282}"
EndProject
Project("{00D1A9C2-B5F0-4AF3-8072-F6C62B433612}") = "BoardgameManager.DatabaseScripts", "BoardgameManager.DatabaseScripts\BoardgameManager.DatabaseScripts.sqlproj", "{267972B6-03D6-4FE5-A8E8-CBDC44D2611E}"
EndProject
Global
	GlobalSection(SolutionConfigurationPlatforms) = preSolution
		Debug|Any CPU = Debug|Any CPU
		Release|Any CPU = Release|Any CPU
	EndGlobalSection
	GlobalSection(ProjectConfigurationPlatforms) = postSolution
		{36331020-5A14-48B6-BFAC-F0B765BBD554}.Debug|Any CPU.ActiveCfg = Debug|Any CPU
		{36331020-5A14-48B6-BFAC-F0B765BBD554}.Debug|Any CPU.Build.0 = Debug|Any CPU
		{36331020-5A14-48B6-BFAC-F0B765BBD554}.Release|Any CPU.ActiveCfg = Release|Any CPU
		{36331020-5A14-48B6-BFAC-F0B765BBD554}.Release|Any CPU.Build.0 = Release|Any CPU
		{48039D69-83F6-44BE-A933-5B90AD771282}.Debug|Any CPU.ActiveCfg = Debug|Any CPU
		{48039D69-83F6-44BE-A933-5B90AD771282}.Debug|Any CPU.Build.0 = Debug|Any CPU
		{48039D69-83F6-44BE-A933-5B90AD771282}.Release|Any CPU.ActiveCfg = Release|Any CPU
		{48039D69-83F6-44BE-A933-5B90AD771282}.Release|Any CPU.Build.0 = Release|Any CPU
		{267972B6-03D6-4FE5-A8E8-CBDC44D2611E}.Debug|Any CPU.ActiveCfg = Debug|Any CPU
		{267972B6-03D6-4FE5-A8E8-CBDC44D2611E}.Debug|Any CPU.Build.0 = Debug|Any CPU
		{267972B6-03D6-4FE5-A8E8-CBDC44D2611E}.Debug|Any CPU.Deploy.0 = Debug|Any CPU
		{267972B6-03D6-4FE5-A8E8-CBDC44D2611E}.Release|Any CPU.ActiveCfg = Release|Any CPU
		{267972B6-03D6-4FE5-A8E8-CBDC44D2611E}.Release|Any CPU.Build.0 = Release|Any CPU
		{267972B6-03D6-4FE5-A8E8-CBDC44D2611E}.Release|Any CPU.Deploy.0 = Release|Any CPU
	EndGlobalSection
	GlobalSection(SolutionProperties) = preSolution
		HideSolutionNode = FALSE
	EndGlobalSection
EndGlobal
